
Microsoft Visual Studio Solution File, Format Version 12.00
# Visual Studio Version 16
VisualStudioVersion = 16.0.28803.202
MinimumVisualStudioVersion = 10.0.40219.1
Project("{2150E333-8FDC-42A3-9474-1A3956D46DE8}") = "Microservices", "Microservices", "{F8E498DD-35F0-468C-8B52-96B097198A3D}"
EndProject
Project("{2150E333-8FDC-42A3-9474-1A3956D46DE8}") = "Domain", "Domain", "{A07DF17B-136A-45E4-B2D0-30E96642DFE6}"
EndProject
Project("{2150E333-8FDC-42A3-9474-1A3956D46DE8}") = "Infra.Bus", "Infra.Bus", "{811C517E-6CB8-42AE-9210-30B632984E91}"
EndProject
Project("{2150E333-8FDC-42A3-9474-1A3956D46DE8}") = "Infra.IoC", "Infra.IoC", "{A0A2DAE9-8592-48C2-9BDB-C3C5F75A54E3}"
EndProject
Project("{2150E333-8FDC-42A3-9474-1A3956D46DE8}") = "Presentation", "Presentation", "{A25C55D1-B8CC-48F2-B5E6-D6ADD677F9E9}"
EndProject
Project("{FAE04EC0-301F-11D3-BF4B-00C04F79EFBC}") = "MicroRabbit.Domain.Core", "MicroRabbit.Domain.Core\MicroRabbit.Domain.Core.csproj", "{55D2629E-D99B-42A7-B25A-BA1446E8A796}"
EndProject
Global
	GlobalSection(SolutionConfigurationPlatforms) = preSolution
		Debug|Any CPU = Debug|Any CPU
		Release|Any CPU = Release|Any CPU
	EndGlobalSection
	GlobalSection(ProjectConfigurationPlatforms) = postSolution
		{55D2629E-D99B-42A7-B25A-BA1446E8A796}.Debug|Any CPU.ActiveCfg = Debug|Any CPU
		{55D2629E-D99B-42A7-B25A-BA1446E8A796}.Debug|Any CPU.Build.0 = Debug|Any CPU
		{55D2629E-D99B-42A7-B25A-BA1446E8A796}.Release|Any CPU.ActiveCfg = Release|Any CPU
		{55D2629E-D99B-42A7-B25A-BA1446E8A796}.Release|Any CPU.Build.0 = Release|Any CPU
	EndGlobalSection
	GlobalSection(SolutionProperties) = preSolution
		HideSolutionNode = FALSE
	EndGlobalSection
	GlobalSection(NestedProjects) = preSolution
		{55D2629E-D99B-42A7-B25A-BA1446E8A796} = {A07DF17B-136A-45E4-B2D0-30E96642DFE6}
	EndGlobalSection
	GlobalSection(ExtensibilityGlobals) = postSolution
		SolutionGuid = {E9BC06DE-117A-4B5C-BE65-4C3D428D0BA2}
	EndGlobalSection
EndGlobal
